
Microsoft Visual Studio Solution File, Format Version 12.00
# Visual Studio 15
VisualStudioVersion = 15.0.27004.2009
MinimumVisualStudioVersion = 10.0.40219.1
Project("{FAE04EC0-301F-11D3-BF4B-00C04F79EFBC}") = "UserSignup", "UserSignup\UserSignup.csproj", "{C917BF55-CD94-468E-9E1A-F8D6BA81FFE5}"
EndProject
Global
	GlobalSection(SolutionConfigurationPlatforms) = preSolution
		Debug|Any CPU = Debug|Any CPU
		Release|Any CPU = Release|Any CPU
	EndGlobalSection
	GlobalSection(ProjectConfigurationPlatforms) = postSolution
		{C917BF55-CD94-468E-9E1A-F8D6BA81FFE5}.Debug|Any CPU.ActiveCfg = Debug|Any CPU
		{C917BF55-CD94-468E-9E1A-F8D6BA81FFE5}.Debug|Any CPU.Build.0 = Debug|Any CPU
		{C917BF55-CD94-468E-9E1A-F8D6BA81FFE5}.Release|Any CPU.ActiveCfg = Release|Any CPU
		{C917BF55-CD94-468E-9E1A-F8D6BA81FFE5}.Release|Any CPU.Build.0 = Release|Any CPU
	EndGlobalSection
	GlobalSection(SolutionProperties) = preSolution
		HideSolutionNode = FALSE
	EndGlobalSection
	GlobalSection(ExtensibilityGlobals) = postSolution
		SolutionGuid = {F935C140-C75B-485A-9DA4-8F1D1EBA6C1D}
	EndGlobalSection
EndGlobal
